
Microsoft Visual Studio Solution File, Format Version 12.00
# Visual Studio Version 17
VisualStudioVersion = 17.7.34031.279
MinimumVisualStudioVersion = 10.0.40219.1
Project("{FAE04EC0-301F-11D3-BF4B-00C04F79EFBC}") = "P01-BorderControl", "P01-BorderControl\P01-BorderControl.csproj", "{BFA6D264-B621-4A0C-BEC9-B04E19C85BE2}"
EndProject
Global
	GlobalSection(SolutionConfigurationPlatforms) = preSolution
		Debug|Any CPU = Debug|Any CPU
		Release|Any CPU = Release|Any CPU
	EndGlobalSection
	GlobalSection(ProjectConfigurationPlatforms) = postSolution
		{BFA6D264-B621-4A0C-BEC9-B04E19C85BE2}.Debug|Any CPU.ActiveCfg = Debug|Any CPU
		{BFA6D264-B621-4A0C-BEC9-B04E19C85BE2}.Debug|Any CPU.Build.0 = Debug|Any CPU
		{BFA6D264-B621-4A0C-BEC9-B04E19C85BE2}.Release|Any CPU.ActiveCfg = Release|Any CPU
		{BFA6D264-B621-4A0C-BEC9-B04E19C85BE2}.Release|Any CPU.Build.0 = Release|Any CPU
	EndGlobalSection
	GlobalSection(SolutionProperties) = preSolution
		HideSolutionNode = FALSE
	EndGlobalSection
	GlobalSection(ExtensibilityGlobals) = postSolution
		SolutionGuid = {5AEC4F30-D6E1-49A6-B590-83EB41036C01}
	EndGlobalSection
EndGlobal
